// !$*UTF8*$!
{
	archiveVersion = 1;
	classes = {
	};
	objectVersion = 50;
	objects = {

/* Begin PBXBuildFile section */
		5948CF0426E1FD9700C36601 /* AppDelegate.swift in Sources */ = {isa = PBXBuildFile; fileRef = 5948CF0326E1FD9700C36601 /* AppDelegate.swift */; };
		5948CF0626E1FD9700C36601 /* SceneDelegate.swift in Sources */ = {isa = PBXBuildFile; fileRef = 5948CF0526E1FD9700C36601 /* SceneDelegate.swift */; };
		5948CF0826E1FD9700C36601 /* ViewController.swift in Sources */ = {isa = PBXBuildFile; fileRef = 5948CF0726E1FD9700C36601 /* ViewController.swift */; };
		5948CF0B26E1FD9700C36601 /* Main.storyboard in Resources */ = {isa = PBXBuildFile; fileRef = 5948CF0926E1FD9700C36601 /* Main.storyboard */; };
		5948CF0D26E1FD9900C36601 /* Assets.xcassets in Resources */ = {isa = PBXBuildFile; fileRef = 5948CF0C26E1FD9900C36601 /* Assets.xcassets */; };
		5948CF1026E1FD9900C36601 /* LaunchScreen.storyboard in Resources */ = {isa = PBXBuildFile; fileRef = 5948CF0E26E1FD9900C36601 /* LaunchScreen.storyboard */; };
		5948CF1B26E1FD9900C36601 /* FortuneCookieTests.swift in Sources */ = {isa = PBXBuildFile; fileRef = 5948CF1A26E1FD9900C36601 /* FortuneCookieTests.swift */; };
		5948CF2626E1FD9900C36601 /* FortuneCookieUITests.swift in Sources */ = {isa = PBXBuildFile; fileRef = 5948CF2526E1FD9900C36601 /* FortuneCookieUITests.swift */; };
		82285A74E5CB522C201E9181 /* Pods_FortuneCookie.framework in Frameworks */ = {isa = PBXBuildFile; fileRef = 9C1F31AC7D82F90948284F54 /* Pods_FortuneCookie.framework */; };
		AA90CF32C9AB29ACCEB9C5A6 /* Pods_FortuneCookie_FortuneCookieUITests.framework in Frameworks */ = {isa = PBXBuildFile; fileRef = 308FF4C021E386D021304B17 /* Pods_FortuneCookie_FortuneCookieUITests.framework */; };
		F7B0F0C6C25CD49DD58CD99B /* Pods_FortuneCookieTests.framework in Frameworks */ = {isa = PBXBuildFile; fileRef = F4F4656D87C9D8177A513F67 /* Pods_FortuneCookieTests.framework */; };
/* End PBXBuildFile section */

/* Begin PBXContainerItemProxy section */
		5948CF1726E1FD9900C36601 /* PBXContainerItemProxy */ = {
			isa = PBXContainerItemProxy;
			containerPortal = 5948CEF826E1FD9700C36601 /* Project object */;
			proxyType = 1;
			remoteGlobalIDString = 5948CEFF26E1FD9700C36601;
			remoteInfo = FortuneCookie;
		};
		5948CF2226E1FD9900C36601 /* PBXContainerItemProxy */ = {
			isa = PBXContainerItemProxy;
			containerPortal = 5948CEF826E1FD9700C36601 /* Project object */;
			proxyType = 1;
			remoteGlobalIDString = 5948CEFF26E1FD9700C36601;
			remoteInfo = FortuneCookie;
		};
/* End PBXContainerItemProxy section */

/* Begin PBXFileReference section */
		1B6EB84F60572045ABFFBD18 /* Pods-FortuneCookie-FortuneCookieUITests.debug.xcconfig */ = {isa = PBXFileReference; includeInIndex = 1; lastKnownFileType = text.xcconfig; name = "Pods-FortuneCookie-FortuneCookieUITests.debug.xcconfig"; path = "Target Support Files/Pods-FortuneCookie-FortuneCookieUITests/Pods-FortuneCookie-FortuneCookieUITests.debug.xcconfig"; sourceTree = "<group>"; };
		261278D5B9D272B0BC79A542 /* Pods-FortuneCookieTests.release.xcconfig */ = {isa = PBXFileReference; includeInIndex = 1; lastKnownFileType = text.xcconfig; name = "Pods-FortuneCookieTests.release.xcconfig"; path = "Target Support Files/Pods-FortuneCookieTests/Pods-FortuneCookieTests.release.xcconfig"; sourceTree = "<group>"; };
		308FF4C021E386D021304B17 /* Pods_FortuneCookie_FortuneCookieUITests.framework */ = {isa = PBXFileReference; explicitFileType = wrapper.framework; includeInIndex = 0; path = Pods_FortuneCookie_FortuneCookieUITests.framework; sourceTree = BUILT_PRODUCTS_DIR; };
		34B651ABFE88666F9BAEB5E6 /* Pods-FortuneCookie.release.xcconfig */ = {isa = PBXFileReference; includeInIndex = 1; lastKnownFileType = text.xcconfig; name = "Pods-FortuneCookie.release.xcconfig"; path = "Target Support Files/Pods-FortuneCookie/Pods-FortuneCookie.release.xcconfig"; sourceTree = "<group>"; };
		5948CF0026E1FD9700C36601 /* FortuneCookie.app */ = {isa = PBXFileReference; explicitFileType = wrapper.application; includeInIndex = 0; path = FortuneCookie.app; sourceTree = BUILT_PRODUCTS_DIR; };
		5948CF0326E1FD9700C36601 /* AppDelegate.swift */ = {isa = PBXFileReference; lastKnownFileType = sourcecode.swift; path = AppDelegate.swift; sourceTree = "<group>"; };
		5948CF0526E1FD9700C36601 /* SceneDelegate.swift */ = {isa = PBXFileReference; lastKnownFileType = sourcecode.swift; path = SceneDelegate.swift; sourceTree = "<group>"; };
		5948CF0726E1FD9700C36601 /* ViewController.swift */ = {isa = PBXFileReference; lastKnownFileType = sourcecode.swift; path = ViewController.swift; sourceTree = "<group>"; };
		5948CF0A26E1FD9700C36601 /* Base */ = {isa = PBXFileReference; lastKnownFileType = file.storyboard; name = Base; path = Base.lproj/Main.storyboard; sourceTree = "<group>"; };
		5948CF0C26E1FD9900C36601 /* Assets.xcassets */ = {isa = PBXFileReference; lastKnownFileType = folder.assetcatalog; path = Assets.xcassets; sourceTree = "<group>"; };
		5948CF0F26E1FD9900C36601 /* Base */ = {isa = PBXFileReference; lastKnownFileType = file.storyboard; name = Base; path = Base.lproj/LaunchScreen.storyboard; sourceTree = "<group>"; };
		5948CF1126E1FD9900C36601 /* Info.plist */ = {isa = PBXFileReference; lastKnownFileType = text.plist.xml; path = Info.plist; sourceTree = "<group>"; };
		5948CF1626E1FD9900C36601 /* FortuneCookieTests.xctest */ = {isa = PBXFileReference; explicitFileType = wrapper.cfbundle; includeInIndex = 0; path = FortuneCookieTests.xctest; sourceTree = BUILT_PRODUCTS_DIR; };
		5948CF1A26E1FD9900C36601 /* FortuneCookieTests.swift */ = {isa = PBXFileReference; lastKnownFileType = sourcecode.swift; path = FortuneCookieTests.swift; sourceTree = "<group>"; };
		5948CF1C26E1FD9900C36601 /* Info.plist */ = {isa = PBXFileReference; lastKnownFileType = text.plist.xml; path = Info.plist; sourceTree = "<group>"; };
		5948CF2126E1FD9900C36601 /* FortuneCookieUITests.xctest */ = {isa = PBXFileReference; explicitFileType = wrapper.cfbundle; includeInIndex = 0; path = FortuneCookieUITests.xctest; sourceTree = BUILT_PRODUCTS_DIR; };
		5948CF2526E1FD9900C36601 /* FortuneCookieUITests.swift */ = {isa = PBXFileReference; lastKnownFileType = sourcecode.swift; path = FortuneCookieUITests.swift; sourceTree = "<group>"; };
		5948CF2726E1FD9900C36601 /* Info.plist */ = {isa = PBXFileReference; lastKnownFileType = text.plist.xml; path = Info.plist; sourceTree = "<group>"; };
		9C1F31AC7D82F90948284F54 /* Pods_FortuneCookie.framework */ = {isa = PBXFileReference; explicitFileType = wrapper.framework; includeInIndex = 0; path = Pods_FortuneCookie.framework; sourceTree = BUILT_PRODUCTS_DIR; };
		E32E22ABAAA8FB10DDA9862B /* Pods-FortuneCookie.debug.xcconfig */ = {isa = PBXFileReference; includeInIndex = 1; lastKnownFileType = text.xcconfig; name = "Pods-FortuneCookie.debug.xcconfig"; path = "Target Support Files/Pods-FortuneCookie/Pods-FortuneCookie.debug.xcconfig"; sourceTree = "<group>"; };
		EF2412DFBFBAEEA2CD7E51C7 /* Pods-FortuneCookieTests.debug.xcconfig */ = {isa = PBXFileReference; includeInIndex = 1; lastKnownFileType = text.xcconfig; name = "Pods-FortuneCookieTests.debug.xcconfig"; path = "Target Support Files/Pods-FortuneCookieTests/Pods-FortuneCookieTests.debug.xcconfig"; sourceTree = "<group>"; };
		F4F4656D87C9D8177A513F67 /* Pods_FortuneCookieTests.framework */ = {isa = PBXFileReference; explicitFileType = wrapper.framework; includeInIndex = 0; path = Pods_FortuneCookieTests.framework; sourceTree = BUILT_PRODUCTS_DIR; };
		F6808993E926E35DF0E288FF /* Pods-FortuneCookie-FortuneCookieUITests.release.xcconfig */ = {isa = PBXFileReference; includeInIndex = 1; lastKnownFileType = text.xcconfig; name = "Pods-FortuneCookie-FortuneCookieUITests.release.xcconfig"; path = "Target Support Files/Pods-FortuneCookie-FortuneCookieUITests/Pods-FortuneCookie-FortuneCookieUITests.release.xcconfig"; sourceTree = "<group>"; };
/* End PBXFileReference section */

/* Begin PBXFrameworksBuildPhase section */
		5948CEFD26E1FD9700C36601 /* Frameworks */ = {
			isa = PBXFrameworksBuildPhase;
			buildActionMask = 2147483647;
			files = (
				82285A74E5CB522C201E9181 /* Pods_FortuneCookie.framework in Frameworks */,
			);
			runOnlyForDeploymentPostprocessing = 0;
		};
		5948CF1326E1FD9900C36601 /* Frameworks */ = {
			isa = PBXFrameworksBuildPhase;
			buildActionMask = 2147483647;
			files = (
				F7B0F0C6C25CD49DD58CD99B /* Pods_FortuneCookieTests.framework in Frameworks */,
			);
			runOnlyForDeploymentPostprocessing = 0;
		};
		5948CF1E26E1FD9900C36601 /* Frameworks */ = {
			isa = PBXFrameworksBuildPhase;
			buildActionMask = 2147483647;
			files = (
				AA90CF32C9AB29ACCEB9C5A6 /* Pods_FortuneCookie_FortuneCookieUITests.framework in Frameworks */,
			);
			runOnlyForDeploymentPostprocessing = 0;
		};
/* End PBXFrameworksBuildPhase section */

/* Begin PBXGroup section */
		348129034F89A97C3096F227 /* Frameworks */ = {
			isa = PBXGroup;
			children = (
				9C1F31AC7D82F90948284F54 /* Pods_FortuneCookie.framework */,
				308FF4C021E386D021304B17 /* Pods_FortuneCookie_FortuneCookieUITests.framework */,
				F4F4656D87C9D8177A513F67 /* Pods_FortuneCookieTests.framework */,
			);
			name = Frameworks;
			sourceTree = "<group>";
		};
		50DD677A24795526EF07FAD2 /* Pods */ = {
			isa = PBXGroup;
			children = (
				E32E22ABAAA8FB10DDA9862B /* Pods-FortuneCookie.debug.xcconfig */,
				34B651ABFE88666F9BAEB5E6 /* Pods-FortuneCookie.release.xcconfig */,
				1B6EB84F60572045ABFFBD18 /* Pods-FortuneCookie-FortuneCookieUITests.debug.xcconfig */,
				F6808993E926E35DF0E288FF /* Pods-FortuneCookie-FortuneCookieUITests.release.xcconfig */,
				EF2412DFBFBAEEA2CD7E51C7 /* Pods-FortuneCookieTests.debug.xcconfig */,
				261278D5B9D272B0BC79A542 /* Pods-FortuneCookieTests.release.xcconfig */,
			);
			name = Pods;
			path = Pods;
			sourceTree = "<group>";
		};
		5948CEF726E1FD9700C36601 = {
			isa = PBXGroup;
			children = (
				5948CF0226E1FD9700C36601 /* FortuneCookie */,
				5948CF1926E1FD9900C36601 /* FortuneCookieTests */,
				5948CF2426E1FD9900C36601 /* FortuneCookieUITests */,
				5948CF0126E1FD9700C36601 /* Products */,
				50DD677A24795526EF07FAD2 /* Pods */,
				348129034F89A97C3096F227 /* Frameworks */,
			);
			sourceTree = "<group>";
		};
		5948CF0126E1FD9700C36601 /* Products */ = {
			isa = PBXGroup;
			children = (
				5948CF0026E1FD9700C36601 /* FortuneCookie.app */,
				5948CF1626E1FD9900C36601 /* FortuneCookieTests.xctest */,
				5948CF2126E1FD9900C36601 /* FortuneCookieUITests.xctest */,
			);
			name = Products;
			sourceTree = "<group>";
		};
		5948CF0226E1FD9700C36601 /* FortuneCookie */ = {
			isa = PBXGroup;
			children = (
				5948CF0326E1FD9700C36601 /* AppDelegate.swift */,
				5948CF0526E1FD9700C36601 /* SceneDelegate.swift */,
				5948CF0726E1FD9700C36601 /* ViewController.swift */,
				5948CF0926E1FD9700C36601 /* Main.storyboard */,
				5948CF0C26E1FD9900C36601 /* Assets.xcassets */,
				5948CF0E26E1FD9900C36601 /* LaunchScreen.storyboard */,
				5948CF1126E1FD9900C36601 /* Info.plist */,
			);
			path = FortuneCookie;
			sourceTree = "<group>";
		};
		5948CF1926E1FD9900C36601 /* FortuneCookieTests */ = {
			isa = PBXGroup;
			children = (
				5948CF1A26E1FD9900C36601 /* FortuneCookieTests.swift */,
				5948CF1C26E1FD9900C36601 /* Info.plist */,
			);
			path = FortuneCookieTests;
			sourceTree = "<group>";
		};
		5948CF2426E1FD9900C36601 /* FortuneCookieUITests */ = {
			isa = PBXGroup;
			children = (
				5948CF2526E1FD9900C36601 /* FortuneCookieUITests.swift */,
				5948CF2726E1FD9900C36601 /* Info.plist */,
			);
			path = FortuneCookieUITests;
			sourceTree = "<group>";
		};
/* End PBXGroup section */

/* Begin PBXNativeTarget section */
		5948CEFF26E1FD9700C36601 /* FortuneCookie */ = {
			isa = PBXNativeTarget;
			buildConfigurationList = 5948CF2A26E1FD9900C36601 /* Build configuration list for PBXNativeTarget "FortuneCookie" */;
			buildPhases = (
				DE8DF39E9A4A56FE42F67CFD /* [CP] Check Pods Manifest.lock */,
				5948CEFC26E1FD9700C36601 /* Sources */,
				5948CEFD26E1FD9700C36601 /* Frameworks */,
				5948CEFE26E1FD9700C36601 /* Resources */,
				31579E1B918403CBFC597B13 /* [CP] Embed Pods Frameworks */,
			);
			buildRules = (
			);
			dependencies = (
			);
			name = FortuneCookie;
			productName = FortuneCookie;
			productReference = 5948CF0026E1FD9700C36601 /* FortuneCookie.app */;
			productType = "com.apple.product-type.application";
		};
		5948CF1526E1FD9900C36601 /* FortuneCookieTests */ = {
			isa = PBXNativeTarget;
			buildConfigurationList = 5948CF2D26E1FD9900C36601 /* Build configuration list for PBXNativeTarget "FortuneCookieTests" */;
			buildPhases = (
				89CC7E434F5E1295166631C8 /* [CP] Check Pods Manifest.lock */,
				5948CF1226E1FD9900C36601 /* Sources */,
				5948CF1326E1FD9900C36601 /* Frameworks */,
				5948CF1426E1FD9900C36601 /* Resources */,
			);
			buildRules = (
			);
			dependencies = (
				5948CF1826E1FD9900C36601 /* PBXTargetDependency */,
			);
			name = FortuneCookieTests;
			productName = FortuneCookieTests;
			productReference = 5948CF1626E1FD9900C36601 /* FortuneCookieTests.xctest */;
			productType = "com.apple.product-type.bundle.unit-test";
		};
		5948CF2026E1FD9900C36601 /* FortuneCookieUITests */ = {
			isa = PBXNativeTarget;
			buildConfigurationList = 5948CF3026E1FD9900C36601 /* Build configuration list for PBXNativeTarget "FortuneCookieUITests" */;
			buildPhases = (
				300E0BFD204E13A31806D2C7 /* [CP] Check Pods Manifest.lock */,
				5948CF1D26E1FD9900C36601 /* Sources */,
				5948CF1E26E1FD9900C36601 /* Frameworks */,
				5948CF1F26E1FD9900C36601 /* Resources */,
				48731A94B8ACCB738754B587 /* [CP] Embed Pods Frameworks */,
			);
			buildRules = (
			);
			dependencies = (
				5948CF2326E1FD9900C36601 /* PBXTargetDependency */,
			);
			name = FortuneCookieUITests;
			productName = FortuneCookieUITests;
			productReference = 5948CF2126E1FD9900C36601 /* FortuneCookieUITests.xctest */;
			productType = "com.apple.product-type.bundle.ui-testing";
		};
/* End PBXNativeTarget section */

/* Begin PBXProject section */
		5948CEF826E1FD9700C36601 /* Project object */ = {
			isa = PBXProject;
			attributes = {
				LastSwiftUpdateCheck = 1250;
				LastUpgradeCheck = 1250;
				TargetAttributes = {
					5948CEFF26E1FD9700C36601 = {
						CreatedOnToolsVersion = 12.5.1;
					};
					5948CF1526E1FD9900C36601 = {
						CreatedOnToolsVersion = 12.5.1;
						TestTargetID = 5948CEFF26E1FD9700C36601;
					};
					5948CF2026E1FD9900C36601 = {
						CreatedOnToolsVersion = 12.5.1;
						TestTargetID = 5948CEFF26E1FD9700C36601;
					};
				};
			};
			buildConfigurationList = 5948CEFB26E1FD9700C36601 /* Build configuration list for PBXProject "FortuneCookie" */;
			compatibilityVersion = "Xcode 9.3";
			developmentRegion = en;
			hasScannedForEncodings = 0;
			knownRegions = (
				en,
				Base,
			);
			mainGroup = 5948CEF726E1FD9700C36601;
			productRefGroup = 5948CF0126E1FD9700C36601 /* Products */;
			projectDirPath = "";
			projectRoot = "";
			targets = (
				5948CEFF26E1FD9700C36601 /* FortuneCookie */,
				5948CF1526E1FD9900C36601 /* FortuneCookieTests */,
				5948CF2026E1FD9900C36601 /* FortuneCookieUITests */,
			);
		};
/* End PBXProject section */

/* Begin PBXResourcesBuildPhase section */
		5948CEFE26E1FD9700C36601 /* Resources */ = {
			isa = PBXResourcesBuildPhase;
			buildActionMask = 2147483647;
			files = (
				5948CF1026E1FD9900C36601 /* LaunchScreen.storyboard in Resources */,
				5948CF0D26E1FD9900C36601 /* Assets.xcassets in Resources */,
				5948CF0B26E1FD9700C36601 /* Main.storyboard in Resources */,
			);
			runOnlyForDeploymentPostprocessing = 0;
		};
		5948CF1426E1FD9900C36601 /* Resources */ = {
			isa = PBXResourcesBuildPhase;
			buildActionMask = 2147483647;
			files = (
			);
			runOnlyForDeploymentPostprocessing = 0;
		};
		5948CF1F26E1FD9900C36601 /* Resources */ = {
			isa = PBXResourcesBuildPhase;
			buildActionMask = 2147483647;
			files = (
			);
			runOnlyForDeploymentPostprocessing = 0;
		};
/* End PBXResourcesBuildPhase section */

/* Begin PBXShellScriptBuildPhase section */
		300E0BFD204E13A31806D2C7 /* [CP] Check Pods Manifest.lock */ = {
			isa = PBXShellScriptBuildPhase;
			buildActionMask = 2147483647;
			files = (
			);
			inputFileListPaths = (
			);
			inputPaths = (
				"${PODS_PODFILE_DIR_PATH}/Podfile.lock",
				"${PODS_ROOT}/Manifest.lock",
			);
			name = "[CP] Check Pods Manifest.lock";
			outputFileListPaths = (
			);
			outputPaths = (
				"$(DERIVED_FILE_DIR)/Pods-FortuneCookie-FortuneCookieUITests-checkManifestLockResult.txt",
			);
			runOnlyForDeploymentPostprocessing = 0;
			shellPath = /bin/sh;
			shellScript = "diff \"${PODS_PODFILE_DIR_PATH}/Podfile.lock\" \"${PODS_ROOT}/Manifest.lock\" > /dev/null\nif [ $? != 0 ] ; then\n    # print error to STDERR\n    echo \"error: The sandbox is not in sync with the Podfile.lock. Run 'pod install' or update your CocoaPods installation.\" >&2\n    exit 1\nfi\n# This output is used by Xcode 'outputs' to avoid re-running this script phase.\necho \"SUCCESS\" > \"${SCRIPT_OUTPUT_FILE_0}\"\n";
			showEnvVarsInLog = 0;
		};
		31579E1B918403CBFC597B13 /* [CP] Embed Pods Frameworks */ = {
			isa = PBXShellScriptBuildPhase;
			buildActionMask = 2147483647;
			files = (
			);
			inputFileListPaths = (
				"${PODS_ROOT}/Target Support Files/Pods-FortuneCookie/Pods-FortuneCookie-frameworks-${CONFIGURATION}-input-files.xcfilelist",
			);
			name = "[CP] Embed Pods Frameworks";
			outputFileListPaths = (
				"${PODS_ROOT}/Target Support Files/Pods-FortuneCookie/Pods-FortuneCookie-frameworks-${CONFIGURATION}-output-files.xcfilelist",
			);
			runOnlyForDeploymentPostprocessing = 0;
			shellPath = /bin/sh;
			shellScript = "\"${PODS_ROOT}/Target Support Files/Pods-FortuneCookie/Pods-FortuneCookie-frameworks.sh\"\n";
			showEnvVarsInLog = 0;
		};
		48731A94B8ACCB738754B587 /* [CP] Embed Pods Frameworks */ = {
			isa = PBXShellScriptBuildPhase;
			buildActionMask = 2147483647;
			files = (
			);
			inputFileListPaths = (
				"${PODS_ROOT}/Target Support Files/Pods-FortuneCookie-FortuneCookieUITests/Pods-FortuneCookie-FortuneCookieUITests-frameworks-${CONFIGURATION}-input-files.xcfilelist",
			);
			name = "[CP] Embed Pods Frameworks";
			outputFileListPaths = (
				"${PODS_ROOT}/Target Support Files/Pods-FortuneCookie-FortuneCookieUITests/Pods-FortuneCookie-FortuneCookieUITests-frameworks-${CONFIGURATION}-output-files.xcfilelist",
			);
			runOnlyForDeploymentPostprocessing = 0;
			shellPath = /bin/sh;
			shellScript = "\"${PODS_ROOT}/Target Support Files/Pods-FortuneCookie-FortuneCookieUITests/Pods-FortuneCookie-FortuneCookieUITests-frameworks.sh\"\n";
			showEnvVarsInLog = 0;
		};
		89CC7E434F5E1295166631C8 /* [CP] Check Pods Manifest.lock */ = {
			isa = PBXShellScriptBuildPhase;
			buildActionMask = 2147483647;
			files = (
			);
			inputFileListPaths = (
			);
			inputPaths = (
				"${PODS_PODFILE_DIR_PATH}/Podfile.lock",
				"${PODS_ROOT}/Manifest.lock",
			);
			name = "[CP] Check Pods Manifest.lock";
			outputFileListPaths = (
			);
			outputPaths = (
				"$(DERIVED_FILE_DIR)/Pods-FortuneCookieTests-checkManifestLockResult.txt",
			);
			runOnlyForDeploymentPostprocessing = 0;
			shellPath = /bin/sh;
			shellScript = "diff \"${PODS_PODFILE_DIR_PATH}/Podfile.lock\" \"${PODS_ROOT}/Manifest.lock\" > /dev/null\nif [ $? != 0 ] ; then\n    # print error to STDERR\n    echo \"error: The sandbox is not in sync with the Podfile.lock. Run 'pod install' or update your CocoaPods installation.\" >&2\n    exit 1\nfi\n# This output is used by Xcode 'outputs' to avoid re-running this script phase.\necho \"SUCCESS\" > \"${SCRIPT_OUTPUT_FILE_0}\"\n";
			showEnvVarsInLog = 0;
		};
		DE8DF39E9A4A56FE42F67CFD /* [CP] Check Pods Manifest.lock */ = {
			isa = PBXShellScriptBuildPhase;
			buildActionMask = 2147483647;
			files = (
			);
			inputFileListPaths = (
			);
			inputPaths = (
				"${PODS_PODFILE_DIR_PATH}/Podfile.lock",
				"${PODS_ROOT}/Manifest.lock",
			);
			name = "[CP] Check Pods Manifest.lock";
			outputFileListPaths = (
			);
			outputPaths = (
				"$(DERIVED_FILE_DIR)/Pods-FortuneCookie-checkManifestLockResult.txt",
			);
			runOnlyForDeploymentPostprocessing = 0;
			shellPath = /bin/sh;
			shellScript = "diff \"${PODS_PODFILE_DIR_PATH}/Podfile.lock\" \"${PODS_ROOT}/Manifest.lock\" > /dev/null\nif [ $? != 0 ] ; then\n    # print error to STDERR\n    echo \"error: The sandbox is not in sync with the Podfile.lock. Run 'pod install' or update your CocoaPods installation.\" >&2\n    exit 1\nfi\n# This output is used by Xcode 'outputs' to avoid re-running this script phase.\necho \"SUCCESS\" > \"${SCRIPT_OUTPUT_FILE_0}\"\n";
			showEnvVarsInLog = 0;
		};
/* End PBXShellScriptBuildPhase section */

/* Begin PBXSourcesBuildPhase section */
		5948CEFC26E1FD9700C36601 /* Sources */ = {
			isa = PBXSourcesBuildPhase;
			buildActionMask = 2147483647;
			files = (
				5948CF0826E1FD9700C36601 /* ViewController.swift in Sources */,
				5948CF0426E1FD9700C36601 /* AppDelegate.swift in Sources */,
				5948CF0626E1FD9700C36601 /* SceneDelegate.swift in Sources */,
			);
			runOnlyForDeploymentPostprocessing = 0;
		};
		5948CF1226E1FD9900C36601 /* Sources */ = {
			isa = PBXSourcesBuildPhase;
			buildActionMask = 2147483647;
			files = (
				5948CF1B26E1FD9900C36601 /* FortuneCookieTests.swift in Sources */,
			);
			runOnlyForDeploymentPostprocessing = 0;
		};
		5948CF1D26E1FD9900C36601 /* Sources */ = {
			isa = PBXSourcesBuildPhase;
			buildActionMask = 2147483647;
			files = (
				5948CF2626E1FD9900C36601 /* FortuneCookieUITests.swift in Sources */,
			);
			runOnlyForDeploymentPostprocessing = 0;
		};
/* End PBXSourcesBuildPhase section */

/* Begin PBXTargetDependency section */
		5948CF1826E1FD9900C36601 /* PBXTargetDependency */ = {
			isa = PBXTargetDependency;
			target = 5948CEFF26E1FD9700C36601 /* FortuneCookie */;
			targetProxy = 5948CF1726E1FD9900C36601 /* PBXContainerItemProxy */;
		};
		5948CF2326E1FD9900C36601 /* PBXTargetDependency */ = {
			isa = PBXTargetDependency;
			target = 5948CEFF26E1FD9700C36601 /* FortuneCookie */;
			targetProxy = 5948CF2226E1FD9900C36601 /* PBXContainerItemProxy */;
		};
/* End PBXTargetDependency section */

/* Begin PBXVariantGroup section */
		5948CF0926E1FD9700C36601 /* Main.storyboard */ = {
			isa = PBXVariantGroup;
			children = (
				5948CF0A26E1FD9700C36601 /* Base */,
			);
			name = Main.storyboard;
			sourceTree = "<group>";
		};
		5948CF0E26E1FD9900C36601 /* LaunchScreen.storyboard */ = {
			isa = PBXVariantGroup;
			children = (
				5948CF0F26E1FD9900C36601 /* Base */,
			);
			name = LaunchScreen.storyboard;
			sourceTree = "<group>";
		};
/* End PBXVariantGroup section */

/* Begin XCBuildConfiguration section */
		5948CF2826E1FD9900C36601 /* Debug */ = {
			isa = XCBuildConfiguration;
			buildSettings = {
				ALWAYS_SEARCH_USER_PATHS = NO;
				CLANG_ANALYZER_NONNULL = YES;
				CLANG_ANALYZER_NUMBER_OBJECT_CONVERSION = YES_AGGRESSIVE;
				CLANG_CXX_LANGUAGE_STANDARD = "gnu++14";
				CLANG_CXX_LIBRARY = "libc++";
				CLANG_ENABLE_MODULES = YES;
				CLANG_ENABLE_OBJC_ARC = YES;
				CLANG_ENABLE_OBJC_WEAK = YES;
				CLANG_WARN_BLOCK_CAPTURE_AUTORELEASING = YES;
				CLANG_WARN_BOOL_CONVERSION = YES;
				CLANG_WARN_COMMA = YES;
				CLANG_WARN_CONSTANT_CONVERSION = YES;
				CLANG_WARN_DEPRECATED_OBJC_IMPLEMENTATIONS = YES;
				CLANG_WARN_DIRECT_OBJC_ISA_USAGE = YES_ERROR;
				CLANG_WARN_DOCUMENTATION_COMMENTS = YES;
				CLANG_WARN_EMPTY_BODY = YES;
				CLANG_WARN_ENUM_CONVERSION = YES;
				CLANG_WARN_INFINITE_RECURSION = YES;
				CLANG_WARN_INT_CONVERSION = YES;
				CLANG_WARN_NON_LITERAL_NULL_CONVERSION = YES;
				CLANG_WARN_OBJC_IMPLICIT_RETAIN_SELF = YES;
				CLANG_WARN_OBJC_LITERAL_CONVERSION = YES;
				CLANG_WARN_OBJC_ROOT_CLASS = YES_ERROR;
				CLANG_WARN_QUOTED_INCLUDE_IN_FRAMEWORK_HEADER = YES;
				CLANG_WARN_RANGE_LOOP_ANALYSIS = YES;
				CLANG_WARN_STRICT_PROTOTYPES = YES;
				CLANG_WARN_SUSPICIOUS_MOVE = YES;
				CLANG_WARN_UNGUARDED_AVAILABILITY = YES_AGGRESSIVE;
				CLANG_WARN_UNREACHABLE_CODE = YES;
				CLANG_WARN__DUPLICATE_METHOD_MATCH = YES;
				COPY_PHASE_STRIP = NO;
				DEBUG_INFORMATION_FORMAT = dwarf;
				ENABLE_STRICT_OBJC_MSGSEND = YES;
				ENABLE_TESTABILITY = YES;
				GCC_C_LANGUAGE_STANDARD = gnu11;
				GCC_DYNAMIC_NO_PIC = NO;
				GCC_NO_COMMON_BLOCKS = YES;
				GCC_OPTIMIZATION_LEVEL = 0;
				GCC_PREPROCESSOR_DEFINITIONS = (
					"DEBUG=1",
					"$(inherited)",
				);
				GCC_WARN_64_TO_32_BIT_CONVERSION = YES;
				GCC_WARN_ABOUT_RETURN_TYPE = YES_ERROR;
				GCC_WARN_UNDECLARED_SELECTOR = YES;
				GCC_WARN_UNINITIALIZED_AUTOS = YES_AGGRESSIVE;
				GCC_WARN_UNUSED_FUNCTION = YES;
				GCC_WARN_UNUSED_VARIABLE = YES;
				IPHONEOS_DEPLOYMENT_TARGET = 14.5;
				MTL_ENABLE_DEBUG_INFO = INCLUDE_SOURCE;
				MTL_FAST_MATH = YES;
				ONLY_ACTIVE_ARCH = YES;
				SDKROOT = iphoneos;
				SWIFT_ACTIVE_COMPILATION_CONDITIONS = DEBUG;
				SWIFT_OPTIMIZATION_LEVEL = "-Onone";
			};
			name = Debug;
		};
		5948CF2926E1FD9900C36601 /* Release */ = {
			isa = XCBuildConfiguration;
			buildSettings = {
				ALWAYS_SEARCH_USER_PATHS = NO;
				CLANG_ANALYZER_NONNULL = YES;
				CLANG_ANALYZER_NUMBER_OBJECT_CONVERSION = YES_AGGRESSIVE;
				CLANG_CXX_LANGUAGE_STANDARD = "gnu++14";
				CLANG_CXX_LIBRARY = "libc++";
				CLANG_ENABLE_MODULES = YES;
				CLANG_ENABLE_OBJC_ARC = YES;
				CLANG_ENABLE_OBJC_WEAK = YES;
				CLANG_WARN_BLOCK_CAPTURE_AUTORELEASING = YES;
				CLANG_WARN_BOOL_CONVERSION = YES;
				CLANG_WARN_COMMA = YES;
				CLANG_WARN_CONSTANT_CONVERSION = YES;
				CLANG_WARN_DEPRECATED_OBJC_IMPLEMENTATIONS = YES;
				CLANG_WARN_DIRECT_OBJC_ISA_USAGE = YES_ERROR;
				CLANG_WARN_DOCUMENTATION_COMMENTS = YES;
				CLANG_WARN_EMPTY_BODY = YES;
				CLANG_WARN_ENUM_CONVERSION = YES;
				CLANG_WARN_INFINITE_RECURSION = YES;
				CLANG_WARN_INT_CONVERSION = YES;
				CLANG_WARN_NON_LITERAL_NULL_CONVERSION = YES;
				CLANG_WARN_OBJC_IMPLICIT_RETAIN_SELF = YES;
				CLANG_WARN_OBJC_LITERAL_CONVERSION = YES;
				CLANG_WARN_OBJC_ROOT_CLASS = YES_ERROR;
				CLANG_WARN_QUOTED_INCLUDE_IN_FRAMEWORK_HEADER = YES;
				CLANG_WARN_RANGE_LOOP_ANALYSIS = YES;
				CLANG_WARN_STRICT_PROTOTYPES = YES;
				CLANG_WARN_SUSPICIOUS_MOVE = YES;
				CLANG_WARN_UNGUARDED_AVAILABILITY = YES_AGGRESSIVE;
				CLANG_WARN_UNREACHABLE_CODE = YES;
				CLANG_WARN__DUPLICATE_METHOD_MATCH = YES;
				COPY_PHASE_STRIP = NO;
				DEBUG_INFORMATION_FORMAT = "dwarf-with-dsym";
				ENABLE_NS_ASSERTIONS = NO;
				ENABLE_STRICT_OBJC_MSGSEND = YES;
				GCC_C_LANGUAGE_STANDARD = gnu11;
				GCC_NO_COMMON_BLOCKS = YES;
				GCC_WARN_64_TO_32_BIT_CONVERSION = YES;
				GCC_WARN_ABOUT_RETURN_TYPE = YES_ERROR;
				GCC_WARN_UNDECLARED_SELECTOR = YES;
				GCC_WARN_UNINITIALIZED_AUTOS = YES_AGGRESSIVE;
				GCC_WARN_UNUSED_FUNCTION = YES;
				GCC_WARN_UNUSED_VARIABLE = YES;
				IPHONEOS_DEPLOYMENT_TARGET = 14.5;
				MTL_ENABLE_DEBUG_INFO = NO;
				MTL_FAST_MATH = YES;
				SDKROOT = iphoneos;
				SWIFT_COMPILATION_MODE = wholemodule;
				SWIFT_OPTIMIZATION_LEVEL = "-O";
				VALIDATE_PRODUCT = YES;
			};
			name = Release;
		};
		5948CF2B26E1FD9900C36601 /* Debug */ = {
			isa = XCBuildConfiguration;
			baseConfigurationReference = E32E22ABAAA8FB10DDA9862B /* Pods-FortuneCookie.debug.xcconfig */;
			buildSettings = {
				ASSETCATALOG_COMPILER_APPICON_NAME = AppIcon;
				ASSETCATALOG_COMPILER_GLOBAL_ACCENT_COLOR_NAME = AccentColor;
				CODE_SIGN_IDENTITY = "iPhone Developer";
				CODE_SIGN_STYLE = Manual;
				DEVELOPMENT_TEAM = 45CHC22UNS;
				INFOPLIST_FILE = FortuneCookie/Info.plist;
				LD_RUNPATH_SEARCH_PATHS = (
					"$(inherited)",
					"@executable_path/Frameworks",
				);
				PRODUCT_BUNDLE_IDENTIFIER = kr.fastlane.FortuneCookie;
				PRODUCT_NAME = "$(TARGET_NAME)";
				PROVISIONING_PROFILE_SPECIFIER = wild_dev;
				SWIFT_VERSION = 5.0;
				TARGETED_DEVICE_FAMILY = "1,2";
			};
			name = Debug;
		};
		5948CF2C26E1FD9900C36601 /* Release */ = {
			isa = XCBuildConfiguration;
			baseConfigurationReference = 34B651ABFE88666F9BAEB5E6 /* Pods-FortuneCookie.release.xcconfig */;
			buildSettings = {
				ASSETCATALOG_COMPILER_APPICON_NAME = AppIcon;
				ASSETCATALOG_COMPILER_GLOBAL_ACCENT_COLOR_NAME = AccentColor;
				CODE_SIGN_IDENTITY = "iPhone Developer";
				CODE_SIGN_STYLE = Manual;
				DEVELOPMENT_TEAM = 45CHC22UNS;
				INFOPLIST_FILE = FortuneCookie/Info.plist;
				LD_RUNPATH_SEARCH_PATHS = (
					"$(inherited)",
					"@executable_path/Frameworks",
				);
				PRODUCT_BUNDLE_IDENTIFIER = kr.fastlane.FortuneCookie;
				PRODUCT_NAME = "$(TARGET_NAME)";
				PROVISIONING_PROFILE_SPECIFIER = wild_dev;
				SWIFT_VERSION = 5.0;
				TARGETED_DEVICE_FAMILY = "1,2";
			};
			name = Release;
		};
		5948CF2E26E1FD9900C36601 /* Debug */ = {
			isa = XCBuildConfiguration;
			baseConfigurationReference = EF2412DFBFBAEEA2CD7E51C7 /* Pods-FortuneCookieTests.debug.xcconfig */;
			buildSettings = {
				ALWAYS_EMBED_SWIFT_STANDARD_LIBRARIES = YES;
				BUNDLE_LOADER = "$(TEST_HOST)";
				CODE_SIGN_STYLE = Automatic;
				INFOPLIST_FILE = FortuneCookieTests/Info.plist;
				IPHONEOS_DEPLOYMENT_TARGET = 14.5;
				LD_RUNPATH_SEARCH_PATHS = (
					"$(inherited)",
					"@executable_path/Frameworks",
					"@loader_path/Frameworks",
				);
				PRODUCT_BUNDLE_IDENTIFIER = kr.fastlane.FortuneCookieTests;
				PRODUCT_NAME = "$(TARGET_NAME)";
				SWIFT_VERSION = 5.0;
				TARGETED_DEVICE_FAMILY = "1,2";
				TEST_HOST = "$(BUILT_PRODUCTS_DIR)/FortuneCookie.app/FortuneCookie";
			};
			name = Debug;
		};
		5948CF2F26E1FD9900C36601 /* Release */ = {
			isa = XCBuildConfiguration;
			baseConfigurationReference = 261278D5B9D272B0BC79A542 /* Pods-FortuneCookieTests.release.xcconfig */;
			buildSettings = {
				ALWAYS_EMBED_SWIFT_STANDARD_LIBRARIES = YES;
				BUNDLE_LOADER = "$(TEST_HOST)";
				CODE_SIGN_STYLE = Automatic;
				INFOPLIST_FILE = FortuneCookieTests/Info.plist;
				IPHONEOS_DEPLOYMENT_TARGET = 14.5;
				LD_RUNPATH_SEARCH_PATHS = (
					"$(inherited)",
					"@executable_path/Frameworks",
					"@loader_path/Frameworks",
				);
				PRODUCT_BUNDLE_IDENTIFIER = kr.fastlane.FortuneCookieTests;
				PRODUCT_NAME = "$(TARGET_NAME)";
				SWIFT_VERSION = 5.0;
				TARGETED_DEVICE_FAMILY = "1,2";
				TEST_HOST = "$(BUILT_PRODUCTS_DIR)/FortuneCookie.app/FortuneCookie";
			};
			name = Release;
		};
		5948CF3126E1FD9900C36601 /* Debug */ = {
			isa = XCBuildConfiguration;
			baseConfigurationReference = 1B6EB84F60572045ABFFBD18 /* Pods-FortuneCookie-FortuneCookieUITests.debug.xcconfig */;
			buildSettings = {
				ALWAYS_EMBED_SWIFT_STANDARD_LIBRARIES = YES;
				CODE_SIGN_STYLE = Automatic;
				INFOPLIST_FILE = FortuneCookieUITests/Info.plist;
				LD_RUNPATH_SEARCH_PATHS = (
					"$(inherited)",
					"@executable_path/Frameworks",
					"@loader_path/Frameworks",
				);
				PRODUCT_BUNDLE_IDENTIFIER = kr.fastlane.FortuneCookieUITests;
				PRODUCT_NAME = "$(TARGET_NAME)";
				SWIFT_VERSION = 5.0;
				TARGETED_DEVICE_FAMILY = "1,2";
				TEST_TARGET_NAME = FortuneCookie;
			};
			name = Debug;
		};
		5948CF3226E1FD9900C36601 /* Release */ = {
			isa = XCBuildConfiguration;
			baseConfigurationReference = F6808993E926E35DF0E288FF /* Pods-FortuneCookie-FortuneCookieUITests.release.xcconfig */;
			buildSettings = {
				ALWAYS_EMBED_SWIFT_STANDARD_LIBRARIES = YES;
				CODE_SIGN_STYLE = Automatic;
				INFOPLIST_FILE = FortuneCookieUITests/Info.plist;
				LD_RUNPATH_SEARCH_PATHS = (
					"$(inherited)",
					"@executable_path/Frameworks",
					"@loader_path/Frameworks",
				);
				PRODUCT_BUNDLE_IDENTIFIER = kr.fastlane.FortuneCookieUITests;
				PRODUCT_NAME = "$(TARGET_NAME)";
				SWIFT_VERSION = 5.0;
				TARGETED_DEVICE_FAMILY = "1,2";
				TEST_TARGET_NAME = FortuneCookie;
			};
			name = Release;
		};
/* End XCBuildConfiguration section */

/* Begin XCConfigurationList section */
		5948CEFB26E1FD9700C36601 /* Build configuration list for PBXProject "FortuneCookie" */ = {
			isa = XCConfigurationList;
			buildConfigurations = (
				5948CF2826E1FD9900C36601 /* Debug */,
				5948CF2926E1FD9900C36601 /* Release */,
			);
			defaultConfigurationIsVisible = 0;
			defaultConfigurationName = Release;
		};
		5948CF2A26E1FD9900C36601 /* Build configuration list for PBXNativeTarget "FortuneCookie" */ = {
			isa = XCConfigurationList;
			buildConfigurations = (
				5948CF2B26E1FD9900C36601 /* Debug */,
				5948CF2C26E1FD9900C36601 /* Release */,
			);
			defaultConfigurationIsVisible = 0;
			defaultConfigurationName = Release;
		};
		5948CF2D26E1FD9900C36601 /* Build configuration list for PBXNativeTarget "FortuneCookieTests" */ = {
			isa = XCConfigurationList;
			buildConfigurations = (
				5948CF2E26E1FD9900C36601 /* Debug */,
				5948CF2F26E1FD9900C36601 /* Release */,
			);
			defaultConfigurationIsVisible = 0;
			defaultConfigurationName = Release;
		};
		5948CF3026E1FD9900C36601 /* Build configuration list for PBXNativeTarget "FortuneCookieUITests" */ = {
			isa = XCConfigurationList;
			buildConfigurations = (
				5948CF3126E1FD9900C36601 /* Debug */,
				5948CF3226E1FD9900C36601 /* Release */,
			);
			defaultConfigurationIsVisible = 0;
			defaultConfigurationName = Release;
		};
/* End XCConfigurationList section */
	};
	rootObject = 5948CEF826E1FD9700C36601 /* Project object */;
}
